
Microsoft Visual Studio Solution File, Format Version 12.00
# Visual Studio Version 17
VisualStudioVersion = 17.3.32811.315
MinimumVisualStudioVersion = 10.0.40219.1
Project("{FAE04EC0-301F-11D3-BF4B-00C04F79EFBC}") = "Module 3 Assignment", "Module 3 Assignment\Module 3 Assignment.csproj", "{8F641BBD-1834-480C-8A36-FC9C0D0582E9}"
EndProject
Global
	GlobalSection(SolutionConfigurationPlatforms) = preSolution
		Debug|Any CPU = Debug|Any CPU
		Release|Any CPU = Release|Any CPU
	EndGlobalSection
	GlobalSection(ProjectConfigurationPlatforms) = postSolution
		{8F641BBD-1834-480C-8A36-FC9C0D0582E9}.Debug|Any CPU.ActiveCfg = Debug|Any CPU
		{8F641BBD-1834-480C-8A36-FC9C0D0582E9}.Debug|Any CPU.Build.0 = Debug|Any CPU
		{8F641BBD-1834-480C-8A36-FC9C0D0582E9}.Release|Any CPU.ActiveCfg = Release|Any CPU
		{8F641BBD-1834-480C-8A36-FC9C0D0582E9}.Release|Any CPU.Build.0 = Release|Any CPU
	EndGlobalSection
	GlobalSection(SolutionProperties) = preSolution
		HideSolutionNode = FALSE
	EndGlobalSection
	GlobalSection(ExtensibilityGlobals) = postSolution
		SolutionGuid = {06F1F019-3B7C-4EC0-AD9A-1AEA8FC87ED3}
	EndGlobalSection
EndGlobal
